
Microsoft Visual Studio Solution File, Format Version 12.00
# Visual Studio Version 17
VisualStudioVersion = 17.7.34031.279
MinimumVisualStudioVersion = 10.0.40219.1
Project("{FAE04EC0-301F-11D3-BF4B-00C04F79EFBC}") = "dev-kafka-demo", "dev-kafka-demo\dev-kafka-demo.csproj", "{FB994B0C-0B71-487F-99BA-F643B37BE2C0}"
EndProject
Project("{FAE04EC0-301F-11D3-BF4B-00C04F79EFBC}") = "worker-demo-kafka", "worker-demo-kafka\worker-demo-kafka.csproj", "{8AA6EA78-DB89-48B7-839A-96DE882F9386}"
EndProject
Global
	GlobalSection(SolutionConfigurationPlatforms) = preSolution
		Debug|Any CPU = Debug|Any CPU
		Release|Any CPU = Release|Any CPU
	EndGlobalSection
	GlobalSection(ProjectConfigurationPlatforms) = postSolution
		{FB994B0C-0B71-487F-99BA-F643B37BE2C0}.Debug|Any CPU.ActiveCfg = Debug|Any CPU
		{FB994B0C-0B71-487F-99BA-F643B37BE2C0}.Debug|Any CPU.Build.0 = Debug|Any CPU
		{FB994B0C-0B71-487F-99BA-F643B37BE2C0}.Release|Any CPU.ActiveCfg = Release|Any CPU
		{FB994B0C-0B71-487F-99BA-F643B37BE2C0}.Release|Any CPU.Build.0 = Release|Any CPU
		{8AA6EA78-DB89-48B7-839A-96DE882F9386}.Debug|Any CPU.ActiveCfg = Debug|Any CPU
		{8AA6EA78-DB89-48B7-839A-96DE882F9386}.Debug|Any CPU.Build.0 = Debug|Any CPU
		{8AA6EA78-DB89-48B7-839A-96DE882F9386}.Release|Any CPU.ActiveCfg = Release|Any CPU
		{8AA6EA78-DB89-48B7-839A-96DE882F9386}.Release|Any CPU.Build.0 = Release|Any CPU
	EndGlobalSection
	GlobalSection(SolutionProperties) = preSolution
		HideSolutionNode = FALSE
	EndGlobalSection
	GlobalSection(ExtensibilityGlobals) = postSolution
		SolutionGuid = {35CB5871-1830-41D5-89BD-6045900FA9CE}
	EndGlobalSection
EndGlobal
