
Microsoft Visual Studio Solution File, Format Version 12.00
# Visual Studio Version 17
VisualStudioVersion = 17.6.33829.357
MinimumVisualStudioVersion = 10.0.40219.1
Project("{FAE04EC0-301F-11D3-BF4B-00C04F79EFBC}") = "kafka-net", "kafka-net\kafka-net.csproj", "{35942970-9590-4AB9-ACC3-0F8BEA6CDF65}"
EndProject
Global
	GlobalSection(SolutionConfigurationPlatforms) = preSolution
		Debug|Any CPU = Debug|Any CPU
		Release|Any CPU = Release|Any CPU
	EndGlobalSection
	GlobalSection(ProjectConfigurationPlatforms) = postSolution
		{35942970-9590-4AB9-ACC3-0F8BEA6CDF65}.Debug|Any CPU.ActiveCfg = Debug|Any CPU
		{35942970-9590-4AB9-ACC3-0F8BEA6CDF65}.Debug|Any CPU.Build.0 = Debug|Any CPU
		{35942970-9590-4AB9-ACC3-0F8BEA6CDF65}.Release|Any CPU.ActiveCfg = Release|Any CPU
		{35942970-9590-4AB9-ACC3-0F8BEA6CDF65}.Release|Any CPU.Build.0 = Release|Any CPU
	EndGlobalSection
	GlobalSection(SolutionProperties) = preSolution
		HideSolutionNode = FALSE
	EndGlobalSection
	GlobalSection(ExtensibilityGlobals) = postSolution
		SolutionGuid = {99AE5F28-9C81-4178-B86B-268786789E51}
	EndGlobalSection
EndGlobal
